
Microsoft Visual Studio Solution File, Format Version 12.00
# Visual Studio Version 17
VisualStudioVersion = 17.2.32519.379
MinimumVisualStudioVersion = 10.0.40219.1
Project("{9A19103F-16F7-4668-BE54-9A1E7A4F7556}") = "NLayer.API", "NLayer.API\NLayer.API.csproj", "{E40CBD82-AB8F-4168-87E2-D108FFCABF56}"
EndProject
Project("{9A19103F-16F7-4668-BE54-9A1E7A4F7556}") = "NLayer.Data", "NLayer.Data\NLayer.Data.csproj", "{2CFFB81F-C115-4600-90B1-6F48A3C8F677}"
EndProject
Project("{9A19103F-16F7-4668-BE54-9A1E7A4F7556}") = "NLayer.Service", "NLayer.Service\NLayer.Service.csproj", "{229885F4-5007-450C-A1FB-145A5DD4A2BC}"
EndProject
Project("{2150E333-8FDC-42A3-9474-1A3956D46DE8}") = "DDL_DML", "DDL_DML", "{533A8384-E5C4-49DC-8482-836D4B53F0A9}"
	ProjectSection(SolutionItems) = preProject
		DDLandDML.txt = DDLandDML.txt
	EndProjectSection
EndProject
Global
	GlobalSection(SolutionConfigurationPlatforms) = preSolution
		Debug|Any CPU = Debug|Any CPU
		Release|Any CPU = Release|Any CPU
	EndGlobalSection
	GlobalSection(ProjectConfigurationPlatforms) = postSolution
		{E40CBD82-AB8F-4168-87E2-D108FFCABF56}.Debug|Any CPU.ActiveCfg = Debug|Any CPU
		{E40CBD82-AB8F-4168-87E2-D108FFCABF56}.Debug|Any CPU.Build.0 = Debug|Any CPU
		{E40CBD82-AB8F-4168-87E2-D108FFCABF56}.Release|Any CPU.ActiveCfg = Release|Any CPU
		{E40CBD82-AB8F-4168-87E2-D108FFCABF56}.Release|Any CPU.Build.0 = Release|Any CPU
		{2CFFB81F-C115-4600-90B1-6F48A3C8F677}.Debug|Any CPU.ActiveCfg = Debug|Any CPU
		{2CFFB81F-C115-4600-90B1-6F48A3C8F677}.Debug|Any CPU.Build.0 = Debug|Any CPU
		{2CFFB81F-C115-4600-90B1-6F48A3C8F677}.Release|Any CPU.ActiveCfg = Release|Any CPU
		{2CFFB81F-C115-4600-90B1-6F48A3C8F677}.Release|Any CPU.Build.0 = Release|Any CPU
		{229885F4-5007-450C-A1FB-145A5DD4A2BC}.Debug|Any CPU.ActiveCfg = Debug|Any CPU
		{229885F4-5007-450C-A1FB-145A5DD4A2BC}.Debug|Any CPU.Build.0 = Debug|Any CPU
		{229885F4-5007-450C-A1FB-145A5DD4A2BC}.Release|Any CPU.ActiveCfg = Release|Any CPU
		{229885F4-5007-450C-A1FB-145A5DD4A2BC}.Release|Any CPU.Build.0 = Release|Any CPU
	EndGlobalSection
	GlobalSection(SolutionProperties) = preSolution
		HideSolutionNode = FALSE
	EndGlobalSection
	GlobalSection(ExtensibilityGlobals) = postSolution
		SolutionGuid = {86B3AF2A-2629-4C99-9D85-0202FAF5804F}
	EndGlobalSection
EndGlobal
